
Microsoft Visual Studio Solution File, Format Version 12.00
# Visual Studio Version 17
VisualStudioVersion = 17.11.35219.272
MinimumVisualStudioVersion = 10.0.40219.1
Project("{FAE04EC0-301F-11D3-BF4B-00C04F79EFBC}") = "Ejercicio 4", "Ejercicio 4.csproj", "{C74B5785-5683-4565-96C0-669E965C90D6}"
EndProject
Global
	GlobalSection(SolutionConfigurationPlatforms) = preSolution
		Debug|Any CPU = Debug|Any CPU
		Release|Any CPU = Release|Any CPU
	EndGlobalSection
	GlobalSection(ProjectConfigurationPlatforms) = postSolution
		{C74B5785-5683-4565-96C0-669E965C90D6}.Debug|Any CPU.ActiveCfg = Debug|Any CPU
		{C74B5785-5683-4565-96C0-669E965C90D6}.Debug|Any CPU.Build.0 = Debug|Any CPU
		{C74B5785-5683-4565-96C0-669E965C90D6}.Release|Any CPU.ActiveCfg = Release|Any CPU
		{C74B5785-5683-4565-96C0-669E965C90D6}.Release|Any CPU.Build.0 = Release|Any CPU
	EndGlobalSection
	GlobalSection(SolutionProperties) = preSolution
		HideSolutionNode = FALSE
	EndGlobalSection
	GlobalSection(ExtensibilityGlobals) = postSolution
		SolutionGuid = {2400A335-91D2-4755-BF0B-ECF8700669E6}
	EndGlobalSection
EndGlobal
