
Microsoft Visual Studio Solution File, Format Version 12.00
# Visual Studio Version 17
VisualStudioVersion = 17.11.35219.272
MinimumVisualStudioVersion = 10.0.40219.1
Project("{FAE04EC0-301F-11D3-BF4B-00C04F79EFBC}") = "Ejercicio 3", "Ejercicio 3.csproj", "{65551FDE-D6F7-44D9-BD8D-3A2BC0BDAB6A}"
EndProject
Global
	GlobalSection(SolutionConfigurationPlatforms) = preSolution
		Debug|Any CPU = Debug|Any CPU
		Release|Any CPU = Release|Any CPU
	EndGlobalSection
	GlobalSection(ProjectConfigurationPlatforms) = postSolution
		{65551FDE-D6F7-44D9-BD8D-3A2BC0BDAB6A}.Debug|Any CPU.ActiveCfg = Debug|Any CPU
		{65551FDE-D6F7-44D9-BD8D-3A2BC0BDAB6A}.Debug|Any CPU.Build.0 = Debug|Any CPU
		{65551FDE-D6F7-44D9-BD8D-3A2BC0BDAB6A}.Release|Any CPU.ActiveCfg = Release|Any CPU
		{65551FDE-D6F7-44D9-BD8D-3A2BC0BDAB6A}.Release|Any CPU.Build.0 = Release|Any CPU
	EndGlobalSection
	GlobalSection(SolutionProperties) = preSolution
		HideSolutionNode = FALSE
	EndGlobalSection
	GlobalSection(ExtensibilityGlobals) = postSolution
		SolutionGuid = {CD8F87EB-D44D-4DE1-B6A2-08C030017E0B}
	EndGlobalSection
EndGlobal
